
Microsoft Visual Studio Solution File, Format Version 12.00
Project("{2150E333-8FDC-42A3-9474-1A3956D46DE8}") = "Production", "Production", "{081F91DD-336C-4BB1-B619-ED0DD3ED32D0}"
EndProject
Project("{2150E333-8FDC-42A3-9474-1A3956D46DE8}") = "Samples", "Samples", "{D96A33BC-F5E8-4080-AA0A-8588A1C41312}"
EndProject
Project("{FAE04EC0-301F-11D3-BF4B-00C04F79EFBC}") = "imgui-cs", "src\cs\production\imgui-cs\imgui-cs.csproj", "{59C35437-4920-4C2A-98CB-601060C2D0F1}"
EndProject
Project("{FAE04EC0-301F-11D3-BF4B-00C04F79EFBC}") = "imgui.Samples.SDL", "src\cs\samples\imgui.Samples.SDL\imgui.Samples.SDL.csproj", "{09527F71-9880-403F-8E45-9B0AB9AA9439}"
EndProject
Project("{FAE04EC0-301F-11D3-BF4B-00C04F79EFBC}") = "SDL-cs", "ext\sdl-cs\src\cs\production\SDL-cs\SDL-cs.csproj", "{E39E47FF-3EC6-49DC-B6E1-1869B84B882B}"
EndProject
Global
	GlobalSection(SolutionConfigurationPlatforms) = preSolution
		Debug|Any CPU = Debug|Any CPU
		Release|Any CPU = Release|Any CPU
	EndGlobalSection
	GlobalSection(ProjectConfigurationPlatforms) = postSolution
		{59C35437-4920-4C2A-98CB-601060C2D0F1}.Debug|Any CPU.ActiveCfg = Debug|Any CPU
		{59C35437-4920-4C2A-98CB-601060C2D0F1}.Debug|Any CPU.Build.0 = Debug|Any CPU
		{59C35437-4920-4C2A-98CB-601060C2D0F1}.Release|Any CPU.ActiveCfg = Release|Any CPU
		{59C35437-4920-4C2A-98CB-601060C2D0F1}.Release|Any CPU.Build.0 = Release|Any CPU
		{09527F71-9880-403F-8E45-9B0AB9AA9439}.Debug|Any CPU.ActiveCfg = Debug|Any CPU
		{09527F71-9880-403F-8E45-9B0AB9AA9439}.Debug|Any CPU.Build.0 = Debug|Any CPU
		{09527F71-9880-403F-8E45-9B0AB9AA9439}.Release|Any CPU.ActiveCfg = Release|Any CPU
		{09527F71-9880-403F-8E45-9B0AB9AA9439}.Release|Any CPU.Build.0 = Release|Any CPU
		{E39E47FF-3EC6-49DC-B6E1-1869B84B882B}.Debug|Any CPU.ActiveCfg = Debug|Any CPU
		{E39E47FF-3EC6-49DC-B6E1-1869B84B882B}.Debug|Any CPU.Build.0 = Debug|Any CPU
		{E39E47FF-3EC6-49DC-B6E1-1869B84B882B}.Release|Any CPU.ActiveCfg = Release|Any CPU
		{E39E47FF-3EC6-49DC-B6E1-1869B84B882B}.Release|Any CPU.Build.0 = Release|Any CPU
	EndGlobalSection
	GlobalSection(NestedProjects) = preSolution
		{59C35437-4920-4C2A-98CB-601060C2D0F1} = {081F91DD-336C-4BB1-B619-ED0DD3ED32D0}
		{09527F71-9880-403F-8E45-9B0AB9AA9439} = {D96A33BC-F5E8-4080-AA0A-8588A1C41312}
		{E39E47FF-3EC6-49DC-B6E1-1869B84B882B} = {D96A33BC-F5E8-4080-AA0A-8588A1C41312}
	EndGlobalSection
EndGlobal
